
Microsoft Visual Studio Solution File, Format Version 12.00
# Visual Studio Version 17
VisualStudioVersion = 17.7.34031.279
MinimumVisualStudioVersion = 10.0.40219.1
Project("{FAE04EC0-301F-11D3-BF4B-00C04F79EFBC}") = "Project_64131000", "Project_64131000\Project_64131000.csproj", "{AA8FDD8E-32A9-4244-B551-67E30BD4BD92}"
EndProject
Global
	GlobalSection(SolutionConfigurationPlatforms) = preSolution
		Debug|Any CPU = Debug|Any CPU
		Release|Any CPU = Release|Any CPU
	EndGlobalSection
	GlobalSection(ProjectConfigurationPlatforms) = postSolution
		{AA8FDD8E-32A9-4244-B551-67E30BD4BD92}.Debug|Any CPU.ActiveCfg = Debug|Any CPU
		{AA8FDD8E-32A9-4244-B551-67E30BD4BD92}.Debug|Any CPU.Build.0 = Debug|Any CPU
		{AA8FDD8E-32A9-4244-B551-67E30BD4BD92}.Release|Any CPU.ActiveCfg = Release|Any CPU
		{AA8FDD8E-32A9-4244-B551-67E30BD4BD92}.Release|Any CPU.Build.0 = Release|Any CPU
	EndGlobalSection
	GlobalSection(SolutionProperties) = preSolution
		HideSolutionNode = FALSE
	EndGlobalSection
	GlobalSection(ExtensibilityGlobals) = postSolution
		SolutionGuid = {9D312F19-545D-4FD7-AD98-BE132E61C088}
	EndGlobalSection
EndGlobal
